
Microsoft Visual Studio Solution File, Format Version 12.00
# Visual Studio 15
VisualStudioVersion = 15.0.28307.271
MinimumVisualStudioVersion = 10.0.40219.1
Project("{FAE04EC0-301F-11D3-BF4B-00C04F79EFBC}") = "BonaGustumo", "BonaGustumo\BonaGustumo.csproj", "{C6DB0F18-C9EF-4173-95DC-9F1C6253E211}"
EndProject
Project("{FAE04EC0-301F-11D3-BF4B-00C04F79EFBC}") = "BonaGustumo.Tests", "BonaGustumo.Tests\BonaGustumo.Tests.csproj", "{50145766-B817-4538-BD16-3F3A910C83DF}"
EndProject
Project("{FAE04EC0-301F-11D3-BF4B-00C04F79EFBC}") = "BonaGustumo_Library", "BonaGustumo_Library\BonaGustumo_Library.csproj", "{B134CE65-E042-4C2D-9CA0-4BC306A92B2D}"
EndProject
Global
	GlobalSection(SolutionConfigurationPlatforms) = preSolution
		Debug|Any CPU = Debug|Any CPU
		Release|Any CPU = Release|Any CPU
	EndGlobalSection
	GlobalSection(ProjectConfigurationPlatforms) = postSolution
		{C6DB0F18-C9EF-4173-95DC-9F1C6253E211}.Debug|Any CPU.ActiveCfg = Debug|Any CPU
		{C6DB0F18-C9EF-4173-95DC-9F1C6253E211}.Debug|Any CPU.Build.0 = Debug|Any CPU
		{C6DB0F18-C9EF-4173-95DC-9F1C6253E211}.Release|Any CPU.ActiveCfg = Release|Any CPU
		{C6DB0F18-C9EF-4173-95DC-9F1C6253E211}.Release|Any CPU.Build.0 = Release|Any CPU
		{50145766-B817-4538-BD16-3F3A910C83DF}.Debug|Any CPU.ActiveCfg = Debug|Any CPU
		{50145766-B817-4538-BD16-3F3A910C83DF}.Debug|Any CPU.Build.0 = Debug|Any CPU
		{50145766-B817-4538-BD16-3F3A910C83DF}.Release|Any CPU.ActiveCfg = Release|Any CPU
		{50145766-B817-4538-BD16-3F3A910C83DF}.Release|Any CPU.Build.0 = Release|Any CPU
		{B134CE65-E042-4C2D-9CA0-4BC306A92B2D}.Debug|Any CPU.ActiveCfg = Debug|Any CPU
		{B134CE65-E042-4C2D-9CA0-4BC306A92B2D}.Debug|Any CPU.Build.0 = Debug|Any CPU
		{B134CE65-E042-4C2D-9CA0-4BC306A92B2D}.Release|Any CPU.ActiveCfg = Release|Any CPU
		{B134CE65-E042-4C2D-9CA0-4BC306A92B2D}.Release|Any CPU.Build.0 = Release|Any CPU
	EndGlobalSection
	GlobalSection(SolutionProperties) = preSolution
		HideSolutionNode = FALSE
	EndGlobalSection
	GlobalSection(ExtensibilityGlobals) = postSolution
		SolutionGuid = {BC6AB392-BB92-46EA-87E1-908D8CC352C7}
	EndGlobalSection
EndGlobal
